// !$*UTF8*$!
{
	archiveVersion = 1;
	classes = {
	};
	objectVersion = 56;
	objects = {

/* Begin PBXBuildFile section */
		0687782E2B12B40000131AC8 /* RickMortyIOS2App.swift in Sources */ = {isa = PBXBuildFile; fileRef = 0687782D2B12B40000131AC8 /* RickMortyIOS2App.swift */; };
		068778302B12B40000131AC8 /* ContentView.swift in Sources */ = {isa = PBXBuildFile; fileRef = 0687782F2B12B40000131AC8 /* ContentView.swift */; };
		068778322B12B40200131AC8 /* Assets.xcassets in Resources */ = {isa = PBXBuildFile; fileRef = 068778312B12B40200131AC8 /* Assets.xcassets */; };
		068778352B12B40200131AC8 /* Preview Assets.xcassets in Resources */ = {isa = PBXBuildFile; fileRef = 068778342B12B40200131AC8 /* Preview Assets.xcassets */; };
		0687783C2B12B43F00131AC8 /* DetailView.swift in Sources */ = {isa = PBXBuildFile; fileRef = 0687783B2B12B43E00131AC8 /* DetailView.swift */; };
		0687783E2B12B45800131AC8 /* FavoriteView.swift in Sources */ = {isa = PBXBuildFile; fileRef = 0687783D2B12B45800131AC8 /* FavoriteView.swift */; };
		068778412B12B47800131AC8 /* CharacterDetailViewModel.swift in Sources */ = {isa = PBXBuildFile; fileRef = 068778402B12B47800131AC8 /* CharacterDetailViewModel.swift */; };
		068778432B12B4BC00131AC8 /* RickAndMortyViewModel.swift in Sources */ = {isa = PBXBuildFile; fileRef = 068778422B12B4BC00131AC8 /* RickAndMortyViewModel.swift */; };
		068778452B12B4D200131AC8 /* RickAndMortyModel.swift in Sources */ = {isa = PBXBuildFile; fileRef = 068778442B12B4D200131AC8 /* RickAndMortyModel.swift */; };
		068778482B12B4F800131AC8 /* RMCharacterGender.swift in Sources */ = {isa = PBXBuildFile; fileRef = 068778472B12B4F800131AC8 /* RMCharacterGender.swift */; };
		0687784A2B12B50100131AC8 /* RMCharacters.swift in Sources */ = {isa = PBXBuildFile; fileRef = 068778492B12B50100131AC8 /* RMCharacters.swift */; };
		0687784C2B12B51300131AC8 /* RMCharacterStatus.swift in Sources */ = {isa = PBXBuildFile; fileRef = 0687784B2B12B51300131AC8 /* RMCharacterStatus.swift */; };
		0687784E2B12B51F00131AC8 /* RMEpisodes.swift in Sources */ = {isa = PBXBuildFile; fileRef = 0687784D2B12B51F00131AC8 /* RMEpisodes.swift */; };
		068778502B12B52A00131AC8 /* RMFavoriteCharacter.swift in Sources */ = {isa = PBXBuildFile; fileRef = 0687784F2B12B52A00131AC8 /* RMFavoriteCharacter.swift */; };
		068778522B12B53600131AC8 /* RMLocation.swift in Sources */ = {isa = PBXBuildFile; fileRef = 068778512B12B53600131AC8 /* RMLocation.swift */; };
		068778542B12B55100131AC8 /* RMOrigin.swift in Sources */ = {isa = PBXBuildFile; fileRef = 068778532B12B55100131AC8 /* RMOrigin.swift */; };
		068778562B12B55E00131AC8 /* RMSingleLocation.swift in Sources */ = {isa = PBXBuildFile; fileRef = 068778552B12B55E00131AC8 /* RMSingleLocation.swift */; };
/* End PBXBuildFile section */

/* Begin PBXFileReference section */
		0687782A2B12B40000131AC8 /* RickMortyIOS2.app */ = {isa = PBXFileReference; explicitFileType = wrapper.application; includeInIndex = 0; path = RickMortyIOS2.app; sourceTree = BUILT_PRODUCTS_DIR; };
		0687782D2B12B40000131AC8 /* RickMortyIOS2App.swift */ = {isa = PBXFileReference; lastKnownFileType = sourcecode.swift; path = RickMortyIOS2App.swift; sourceTree = "<group>"; };
		0687782F2B12B40000131AC8 /* ContentView.swift */ = {isa = PBXFileReference; lastKnownFileType = sourcecode.swift; path = ContentView.swift; sourceTree = "<group>"; };
		068778312B12B40200131AC8 /* Assets.xcassets */ = {isa = PBXFileReference; lastKnownFileType = folder.assetcatalog; path = Assets.xcassets; sourceTree = "<group>"; };
		068778342B12B40200131AC8 /* Preview Assets.xcassets */ = {isa = PBXFileReference; lastKnownFileType = folder.assetcatalog; path = "Preview Assets.xcassets"; sourceTree = "<group>"; };
		0687783B2B12B43E00131AC8 /* DetailView.swift */ = {isa = PBXFileReference; lastKnownFileType = sourcecode.swift; path = DetailView.swift; sourceTree = "<group>"; };
		0687783D2B12B45800131AC8 /* FavoriteView.swift */ = {isa = PBXFileReference; lastKnownFileType = sourcecode.swift; path = FavoriteView.swift; sourceTree = "<group>"; };
		068778402B12B47800131AC8 /* CharacterDetailViewModel.swift */ = {isa = PBXFileReference; lastKnownFileType = sourcecode.swift; path = CharacterDetailViewModel.swift; sourceTree = "<group>"; };
		068778422B12B4BC00131AC8 /* RickAndMortyViewModel.swift */ = {isa = PBXFileReference; lastKnownFileType = sourcecode.swift; path = RickAndMortyViewModel.swift; sourceTree = "<group>"; };
		068778442B12B4D200131AC8 /* RickAndMortyModel.swift */ = {isa = PBXFileReference; lastKnownFileType = sourcecode.swift; path = RickAndMortyModel.swift; sourceTree = "<group>"; };
		068778472B12B4F800131AC8 /* RMCharacterGender.swift */ = {isa = PBXFileReference; lastKnownFileType = sourcecode.swift; path = RMCharacterGender.swift; sourceTree = "<group>"; };
		068778492B12B50100131AC8 /* RMCharacters.swift */ = {isa = PBXFileReference; lastKnownFileType = sourcecode.swift; path = RMCharacters.swift; sourceTree = "<group>"; };
		0687784B2B12B51300131AC8 /* RMCharacterStatus.swift */ = {isa = PBXFileReference; lastKnownFileType = sourcecode.swift; path = RMCharacterStatus.swift; sourceTree = "<group>"; };
		0687784D2B12B51F00131AC8 /* RMEpisodes.swift */ = {isa = PBXFileReference; lastKnownFileType = sourcecode.swift; path = RMEpisodes.swift; sourceTree = "<group>"; };
		0687784F2B12B52A00131AC8 /* RMFavoriteCharacter.swift */ = {isa = PBXFileReference; lastKnownFileType = sourcecode.swift; path = RMFavoriteCharacter.swift; sourceTree = "<group>"; };
		068778512B12B53600131AC8 /* RMLocation.swift */ = {isa = PBXFileReference; lastKnownFileType = sourcecode.swift; path = RMLocation.swift; sourceTree = "<group>"; };
		068778532B12B55100131AC8 /* RMOrigin.swift */ = {isa = PBXFileReference; lastKnownFileType = sourcecode.swift; path = RMOrigin.swift; sourceTree = "<group>"; };
		068778552B12B55E00131AC8 /* RMSingleLocation.swift */ = {isa = PBXFileReference; lastKnownFileType = sourcecode.swift; path = RMSingleLocation.swift; sourceTree = "<group>"; };
/* End PBXFileReference section */

/* Begin PBXFrameworksBuildPhase section */
		068778272B12B40000131AC8 /* Frameworks */ = {
			isa = PBXFrameworksBuildPhase;
			buildActionMask = 2147483647;
			files = (
			);
			runOnlyForDeploymentPostprocessing = 0;
		};
/* End PBXFrameworksBuildPhase section */

/* Begin PBXGroup section */
		068778212B12B40000131AC8 = {
			isa = PBXGroup;
			children = (
				0687782C2B12B40000131AC8 /* RickMortyIOS2 */,
				0687782B2B12B40000131AC8 /* Products */,
			);
			sourceTree = "<group>";
		};
		0687782B2B12B40000131AC8 /* Products */ = {
			isa = PBXGroup;
			children = (
				0687782A2B12B40000131AC8 /* RickMortyIOS2.app */,
			);
			name = Products;
			sourceTree = "<group>";
		};
		0687782C2B12B40000131AC8 /* RickMortyIOS2 */ = {
			isa = PBXGroup;
			children = (
				068778462B12B4D800131AC8 /* Models */,
				0687783F2B12B46700131AC8 /* ViewModel */,
				0687782D2B12B40000131AC8 /* RickMortyIOS2App.swift */,
				0687782F2B12B40000131AC8 /* ContentView.swift */,
				068778312B12B40200131AC8 /* Assets.xcassets */,
				068778332B12B40200131AC8 /* Preview Content */,
				0687783B2B12B43E00131AC8 /* DetailView.swift */,
				0687783D2B12B45800131AC8 /* FavoriteView.swift */,
			);
			path = RickMortyIOS2;
			sourceTree = "<group>";
		};
		068778332B12B40200131AC8 /* Preview Content */ = {
			isa = PBXGroup;
			children = (
				068778342B12B40200131AC8 /* Preview Assets.xcassets */,
			);
			path = "Preview Content";
			sourceTree = "<group>";
		};
		0687783F2B12B46700131AC8 /* ViewModel */ = {
			isa = PBXGroup;
			children = (
				068778402B12B47800131AC8 /* CharacterDetailViewModel.swift */,
				068778422B12B4BC00131AC8 /* RickAndMortyViewModel.swift */,
			);
			path = ViewModel;
			sourceTree = "<group>";
		};
		068778462B12B4D800131AC8 /* Models */ = {
			isa = PBXGroup;
			children = (
				068778442B12B4D200131AC8 /* RickAndMortyModel.swift */,
				068778472B12B4F800131AC8 /* RMCharacterGender.swift */,
				068778492B12B50100131AC8 /* RMCharacters.swift */,
				0687784B2B12B51300131AC8 /* RMCharacterStatus.swift */,
				0687784D2B12B51F00131AC8 /* RMEpisodes.swift */,
				0687784F2B12B52A00131AC8 /* RMFavoriteCharacter.swift */,
				068778512B12B53600131AC8 /* RMLocation.swift */,
				068778532B12B55100131AC8 /* RMOrigin.swift */,
				068778552B12B55E00131AC8 /* RMSingleLocation.swift */,
			);
			path = Models;
			sourceTree = "<group>";
		};
/* End PBXGroup section */

/* Begin PBXNativeTarget section */
		068778292B12B40000131AC8 /* RickMortyIOS2 */ = {
			isa = PBXNativeTarget;
			buildConfigurationList = 068778382B12B40200131AC8 /* Build configuration list for PBXNativeTarget "RickMortyIOS2" */;
			buildPhases = (
				068778262B12B40000131AC8 /* Sources */,
				068778272B12B40000131AC8 /* Frameworks */,
				068778282B12B40000131AC8 /* Resources */,
			);
			buildRules = (
			);
			dependencies = (
			);
			name = RickMortyIOS2;
			productName = RickMortyIOS2;
			productReference = 0687782A2B12B40000131AC8 /* RickMortyIOS2.app */;
			productType = "com.apple.product-type.application";
		};
/* End PBXNativeTarget section */

/* Begin PBXProject section */
		068778222B12B40000131AC8 /* Project object */ = {
			isa = PBXProject;
			attributes = {
				BuildIndependentTargetsInParallel = 1;
				LastSwiftUpdateCheck = 1500;
				LastUpgradeCheck = 1500;
				TargetAttributes = {
					068778292B12B40000131AC8 = {
						CreatedOnToolsVersion = 15.0;
					};
				};
			};
			buildConfigurationList = 068778252B12B40000131AC8 /* Build configuration list for PBXProject "RickMortyIOS2" */;
			compatibilityVersion = "Xcode 14.0";
			developmentRegion = en;
			hasScannedForEncodings = 0;
			knownRegions = (
				en,
				Base,
			);
			mainGroup = 068778212B12B40000131AC8;
			productRefGroup = 0687782B2B12B40000131AC8 /* Products */;
			projectDirPath = "";
			projectRoot = "";
			targets = (
				068778292B12B40000131AC8 /* RickMortyIOS2 */,
			);
		};
/* End PBXProject section */

/* Begin PBXResourcesBuildPhase section */
		068778282B12B40000131AC8 /* Resources */ = {
			isa = PBXResourcesBuildPhase;
			buildActionMask = 2147483647;
			files = (
				068778352B12B40200131AC8 /* Preview Assets.xcassets in Resources */,
				068778322B12B40200131AC8 /* Assets.xcassets in Resources */,
			);
			runOnlyForDeploymentPostprocessing = 0;
		};
/* End PBXResourcesBuildPhase section */

/* Begin PBXSourcesBuildPhase section */
		068778262B12B40000131AC8 /* Sources */ = {
			isa = PBXSourcesBuildPhase;
			buildActionMask = 2147483647;
			files = (
				068778542B12B55100131AC8 /* RMOrigin.swift in Sources */,
				068778562B12B55E00131AC8 /* RMSingleLocation.swift in Sources */,
				068778502B12B52A00131AC8 /* RMFavoriteCharacter.swift in Sources */,
				0687784E2B12B51F00131AC8 /* RMEpisodes.swift in Sources */,
				0687784C2B12B51300131AC8 /* RMCharacterStatus.swift in Sources */,
				0687784A2B12B50100131AC8 /* RMCharacters.swift in Sources */,
				0687783E2B12B45800131AC8 /* FavoriteView.swift in Sources */,
				068778302B12B40000131AC8 /* ContentView.swift in Sources */,
				068778522B12B53600131AC8 /* RMLocation.swift in Sources */,
				068778412B12B47800131AC8 /* CharacterDetailViewModel.swift in Sources */,
				068778482B12B4F800131AC8 /* RMCharacterGender.swift in Sources */,
				0687783C2B12B43F00131AC8 /* DetailView.swift in Sources */,
				068778452B12B4D200131AC8 /* RickAndMortyModel.swift in Sources */,
				0687782E2B12B40000131AC8 /* RickMortyIOS2App.swift in Sources */,
				068778432B12B4BC00131AC8 /* RickAndMortyViewModel.swift in Sources */,
			);
			runOnlyForDeploymentPostprocessing = 0;
		};
/* End PBXSourcesBuildPhase section */

/* Begin XCBuildConfiguration section */
		068778362B12B40200131AC8 /* Debug */ = {
			isa = XCBuildConfiguration;
			buildSettings = {
				ALWAYS_SEARCH_USER_PATHS = NO;
				ASSETCATALOG_COMPILER_GENERATE_SWIFT_ASSET_SYMBOL_EXTENSIONS = YES;
				CLANG_ANALYZER_NONNULL = YES;
				CLANG_ANALYZER_NUMBER_OBJECT_CONVERSION = YES_AGGRESSIVE;
				CLANG_CXX_LANGUAGE_STANDARD = "gnu++20";
				CLANG_ENABLE_MODULES = YES;
				CLANG_ENABLE_OBJC_ARC = YES;
				CLANG_ENABLE_OBJC_WEAK = YES;
				CLANG_WARN_BLOCK_CAPTURE_AUTORELEASING = YES;
				CLANG_WARN_BOOL_CONVERSION = YES;
				CLANG_WARN_COMMA = YES;
				CLANG_WARN_CONSTANT_CONVERSION = YES;
				CLANG_WARN_DEPRECATED_OBJC_IMPLEMENTATIONS = YES;
				CLANG_WARN_DIRECT_OBJC_ISA_USAGE = YES_ERROR;
				CLANG_WARN_DOCUMENTATION_COMMENTS = YES;
				CLANG_WARN_EMPTY_BODY = YES;
				CLANG_WARN_ENUM_CONVERSION = YES;
				CLANG_WARN_INFINITE_RECURSION = YES;
				CLANG_WARN_INT_CONVERSION = YES;
				CLANG_WARN_NON_LITERAL_NULL_CONVERSION = YES;
				CLANG_WARN_OBJC_IMPLICIT_RETAIN_SELF = YES;
				CLANG_WARN_OBJC_LITERAL_CONVERSION = YES;
				CLANG_WARN_OBJC_ROOT_CLASS = YES_ERROR;
				CLANG_WARN_QUOTED_INCLUDE_IN_FRAMEWORK_HEADER = YES;
				CLANG_WARN_RANGE_LOOP_ANALYSIS = YES;
				CLANG_WARN_STRICT_PROTOTYPES = YES;
				CLANG_WARN_SUSPICIOUS_MOVE = YES;
				CLANG_WARN_UNGUARDED_AVAILABILITY = YES_AGGRESSIVE;
				CLANG_WARN_UNREACHABLE_CODE = YES;
				CLANG_WARN__DUPLICATE_METHOD_MATCH = YES;
				COPY_PHASE_STRIP = NO;
				DEBUG_INFORMATION_FORMAT = dwarf;
				ENABLE_STRICT_OBJC_MSGSEND = YES;
				ENABLE_TESTABILITY = YES;
				ENABLE_USER_SCRIPT_SANDBOXING = YES;
				GCC_C_LANGUAGE_STANDARD = gnu17;
				GCC_DYNAMIC_NO_PIC = NO;
				GCC_NO_COMMON_BLOCKS = YES;
				GCC_OPTIMIZATION_LEVEL = 0;
				GCC_PREPROCESSOR_DEFINITIONS = (
					"DEBUG=1",
					"$(inherited)",
				);
				GCC_WARN_64_TO_32_BIT_CONVERSION = YES;
				GCC_WARN_ABOUT_RETURN_TYPE = YES_ERROR;
				GCC_WARN_UNDECLARED_SELECTOR = YES;
				GCC_WARN_UNINITIALIZED_AUTOS = YES_AGGRESSIVE;
				GCC_WARN_UNUSED_FUNCTION = YES;
				GCC_WARN_UNUSED_VARIABLE = YES;
				IPHONEOS_DEPLOYMENT_TARGET = 17.0;
				LOCALIZATION_PREFERS_STRING_CATALOGS = YES;
				MTL_ENABLE_DEBUG_INFO = INCLUDE_SOURCE;
				MTL_FAST_MATH = YES;
				ONLY_ACTIVE_ARCH = YES;
				SDKROOT = iphoneos;
				SWIFT_ACTIVE_COMPILATION_CONDITIONS = "DEBUG $(inherited)";
				SWIFT_OPTIMIZATION_LEVEL = "-Onone";
			};
			name = Debug;
		};
		068778372B12B40200131AC8 /* Release */ = {
			isa = XCBuildConfiguration;
			buildSettings = {
				ALWAYS_SEARCH_USER_PATHS = NO;
				ASSETCATALOG_COMPILER_GENERATE_SWIFT_ASSET_SYMBOL_EXTENSIONS = YES;
				CLANG_ANALYZER_NONNULL = YES;
				CLANG_ANALYZER_NUMBER_OBJECT_CONVERSION = YES_AGGRESSIVE;
				CLANG_CXX_LANGUAGE_STANDARD = "gnu++20";
				CLANG_ENABLE_MODULES = YES;
				CLANG_ENABLE_OBJC_ARC = YES;
				CLANG_ENABLE_OBJC_WEAK = YES;
				CLANG_WARN_BLOCK_CAPTURE_AUTORELEASING = YES;
				CLANG_WARN_BOOL_CONVERSION = YES;
				CLANG_WARN_COMMA = YES;
				CLANG_WARN_CONSTANT_CONVERSION = YES;
				CLANG_WARN_DEPRECATED_OBJC_IMPLEMENTATIONS = YES;
				CLANG_WARN_DIRECT_OBJC_ISA_USAGE = YES_ERROR;
				CLANG_WARN_DOCUMENTATION_COMMENTS = YES;
				CLANG_WARN_EMPTY_BODY = YES;
				CLANG_WARN_ENUM_CONVERSION = YES;
				CLANG_WARN_INFINITE_RECURSION = YES;
				CLANG_WARN_INT_CONVERSION = YES;
				CLANG_WARN_NON_LITERAL_NULL_CONVERSION = YES;
				CLANG_WARN_OBJC_IMPLICIT_RETAIN_SELF = YES;
				CLANG_WARN_OBJC_LITERAL_CONVERSION = YES;
				CLANG_WARN_OBJC_ROOT_CLASS = YES_ERROR;
				CLANG_WARN_QUOTED_INCLUDE_IN_FRAMEWORK_HEADER = YES;
				CLANG_WARN_RANGE_LOOP_ANALYSIS = YES;
				CLANG_WARN_STRICT_PROTOTYPES = YES;
				CLANG_WARN_SUSPICIOUS_MOVE = YES;
				CLANG_WARN_UNGUARDED_AVAILABILITY = YES_AGGRESSIVE;
				CLANG_WARN_UNREACHABLE_CODE = YES;
				CLANG_WARN__DUPLICATE_METHOD_MATCH = YES;
				COPY_PHASE_STRIP = NO;
				DEBUG_INFORMATION_FORMAT = "dwarf-with-dsym";
				ENABLE_NS_ASSERTIONS = NO;
				ENABLE_STRICT_OBJC_MSGSEND = YES;
				ENABLE_USER_SCRIPT_SANDBOXING = YES;
				GCC_C_LANGUAGE_STANDARD = gnu17;
				GCC_NO_COMMON_BLOCKS = YES;
				GCC_WARN_64_TO_32_BIT_CONVERSION = YES;
				GCC_WARN_ABOUT_RETURN_TYPE = YES_ERROR;
				GCC_WARN_UNDECLARED_SELECTOR = YES;
				GCC_WARN_UNINITIALIZED_AUTOS = YES_AGGRESSIVE;
				GCC_WARN_UNUSED_FUNCTION = YES;
				GCC_WARN_UNUSED_VARIABLE = YES;
				IPHONEOS_DEPLOYMENT_TARGET = 17.0;
				LOCALIZATION_PREFERS_STRING_CATALOGS = YES;
				MTL_ENABLE_DEBUG_INFO = NO;
				MTL_FAST_MATH = YES;
				SDKROOT = iphoneos;
				SWIFT_COMPILATION_MODE = wholemodule;
				VALIDATE_PRODUCT = YES;
			};
			name = Release;
		};
		068778392B12B40200131AC8 /* Debug */ = {
			isa = XCBuildConfiguration;
			buildSettings = {
				ASSETCATALOG_COMPILER_APPICON_NAME = AppIcon;
				ASSETCATALOG_COMPILER_GLOBAL_ACCENT_COLOR_NAME = AccentColor;
				CODE_SIGN_STYLE = Automatic;
				CURRENT_PROJECT_VERSION = 1;
				DEVELOPMENT_ASSET_PATHS = "\"RickMortyIOS2/Preview Content\"";
				DEVELOPMENT_TEAM = L3DQ42432A;
				ENABLE_PREVIEWS = YES;
				GENERATE_INFOPLIST_FILE = YES;
				INFOPLIST_KEY_UIApplicationSceneManifest_Generation = YES;
				INFOPLIST_KEY_UIApplicationSupportsIndirectInputEvents = YES;
				INFOPLIST_KEY_UILaunchScreen_Generation = YES;
				INFOPLIST_KEY_UISupportedInterfaceOrientations_iPad = "UIInterfaceOrientationPortrait UIInterfaceOrientationPortraitUpsideDown UIInterfaceOrientationLandscapeLeft UIInterfaceOrientationLandscapeRight";
				INFOPLIST_KEY_UISupportedInterfaceOrientations_iPhone = "UIInterfaceOrientationPortrait UIInterfaceOrientationLandscapeLeft UIInterfaceOrientationLandscapeRight";
				LD_RUNPATH_SEARCH_PATHS = (
					"$(inherited)",
					"@executable_path/Frameworks",
				);
				MARKETING_VERSION = 1.0;
				PRODUCT_BUNDLE_IDENTIFIER = dev.mamede.RickMortyIOS2;
				PRODUCT_NAME = "$(TARGET_NAME)";
				SWIFT_EMIT_LOC_STRINGS = YES;
				SWIFT_VERSION = 5.0;
				TARGETED_DEVICE_FAMILY = "1,2";
			};
			name = Debug;
		};
		0687783A2B12B40200131AC8 /* Release */ = {
			isa = XCBuildConfiguration;
			buildSettings = {
				ASSETCATALOG_COMPILER_APPICON_NAME = AppIcon;
				ASSETCATALOG_COMPILER_GLOBAL_ACCENT_COLOR_NAME = AccentColor;
				CODE_SIGN_STYLE = Automatic;
				CURRENT_PROJECT_VERSION = 1;
				DEVELOPMENT_ASSET_PATHS = "\"RickMortyIOS2/Preview Content\"";
				DEVELOPMENT_TEAM = L3DQ42432A;
				ENABLE_PREVIEWS = YES;
				GENERATE_INFOPLIST_FILE = YES;
				INFOPLIST_KEY_UIApplicationSceneManifest_Generation = YES;
				INFOPLIST_KEY_UIApplicationSupportsIndirectInputEvents = YES;
				INFOPLIST_KEY_UILaunchScreen_Generation = YES;
				INFOPLIST_KEY_UISupportedInterfaceOrientations_iPad = "UIInterfaceOrientationPortrait UIInterfaceOrientationPortraitUpsideDown UIInterfaceOrientationLandscapeLeft UIInterfaceOrientationLandscapeRight";
				INFOPLIST_KEY_UISupportedInterfaceOrientations_iPhone = "UIInterfaceOrientationPortrait UIInterfaceOrientationLandscapeLeft UIInterfaceOrientationLandscapeRight";
				LD_RUNPATH_SEARCH_PATHS = (
					"$(inherited)",
					"@executable_path/Frameworks",
				);
				MARKETING_VERSION = 1.0;
				PRODUCT_BUNDLE_IDENTIFIER = dev.mamede.RickMortyIOS2;
				PRODUCT_NAME = "$(TARGET_NAME)";
				SWIFT_EMIT_LOC_STRINGS = YES;
				SWIFT_VERSION = 5.0;
				TARGETED_DEVICE_FAMILY = "1,2";
			};
			name = Release;
		};
/* End XCBuildConfiguration section */

/* Begin XCConfigurationList section */
		068778252B12B40000131AC8 /* Build configuration list for PBXProject "RickMortyIOS2" */ = {
			isa = XCConfigurationList;
			buildConfigurations = (
				068778362B12B40200131AC8 /* Debug */,
				068778372B12B40200131AC8 /* Release */,
			);
			defaultConfigurationIsVisible = 0;
			defaultConfigurationName = Release;
		};
		068778382B12B40200131AC8 /* Build configuration list for PBXNativeTarget "RickMortyIOS2" */ = {
			isa = XCConfigurationList;
			buildConfigurations = (
				068778392B12B40200131AC8 /* Debug */,
				0687783A2B12B40200131AC8 /* Release */,
			);
			defaultConfigurationIsVisible = 0;
			defaultConfigurationName = Release;
		};
/* End XCConfigurationList section */
	};
	rootObject = 068778222B12B40000131AC8 /* Project object */;
}
